
Microsoft Visual Studio Solution File, Format Version 12.00
# Visual Studio 15
VisualStudioVersion = 15.0.28010.2003
MinimumVisualStudioVersion = 10.0.40219.1
Project("{FAE04EC0-301F-11D3-BF4B-00C04F79EFBC}") = "Popup.Android", "Popup\Popup.Android\Popup.Android.csproj", "{F92C291A-4D01-43CD-BD9B-B2F6533BC382}"
EndProject
Project("{FAE04EC0-301F-11D3-BF4B-00C04F79EFBC}") = "Popup.iOS", "Popup\Popup.iOS\Popup.iOS.csproj", "{F77D40E9-92C4-4B83-8C16-D54482EDF4C0}"
EndProject
Project("{FAE04EC0-301F-11D3-BF4B-00C04F79EFBC}") = "Popup.UWP", "Popup\Popup.UWP\Popup.UWP.csproj", "{E5EDA42D-1B44-4095-82D9-0FCFD905FDEA}"
EndProject
Project("{FAE04EC0-301F-11D3-BF4B-00C04F79EFBC}") = "Popup", "Popup\Popup\Popup.csproj", "{C556CBF2-941B-4922-A821-4833C635FBE7}"
EndProject
Global
	GlobalSection(SolutionConfigurationPlatforms) = preSolution
		Ad-Hoc|Any CPU = Ad-Hoc|Any CPU
		Ad-Hoc|ARM = Ad-Hoc|ARM
		Ad-Hoc|iPhone = Ad-Hoc|iPhone
		Ad-Hoc|iPhoneSimulator = Ad-Hoc|iPhoneSimulator
		Ad-Hoc|x64 = Ad-Hoc|x64
		Ad-Hoc|x86 = Ad-Hoc|x86
		AppStore|Any CPU = AppStore|Any CPU
		AppStore|ARM = AppStore|ARM
		AppStore|iPhone = AppStore|iPhone
		AppStore|iPhoneSimulator = AppStore|iPhoneSimulator
		AppStore|x64 = AppStore|x64
		AppStore|x86 = AppStore|x86
		Debug|Any CPU = Debug|Any CPU
		Debug|ARM = Debug|ARM
		Debug|iPhone = Debug|iPhone
		Debug|iPhoneSimulator = Debug|iPhoneSimulator
		Debug|x64 = Debug|x64
		Debug|x86 = Debug|x86
		Release|Any CPU = Release|Any CPU
		Release|ARM = Release|ARM
		Release|iPhone = Release|iPhone
		Release|iPhoneSimulator = Release|iPhoneSimulator
		Release|x64 = Release|x64
		Release|x86 = Release|x86
	EndGlobalSection
	GlobalSection(ProjectConfigurationPlatforms) = postSolution
		{F92C291A-4D01-43CD-BD9B-B2F6533BC382}.Ad-Hoc|Any CPU.ActiveCfg = Release|Any CPU
		{F92C291A-4D01-43CD-BD9B-B2F6533BC382}.Ad-Hoc|Any CPU.Build.0 = Release|Any CPU
		{F92C291A-4D01-43CD-BD9B-B2F6533BC382}.Ad-Hoc|Any CPU.Deploy.0 = Release|Any CPU
		{F92C291A-4D01-43CD-BD9B-B2F6533BC382}.Ad-Hoc|ARM.ActiveCfg = Release|Any CPU
		{F92C291A-4D01-43CD-BD9B-B2F6533BC382}.Ad-Hoc|ARM.Build.0 = Release|Any CPU
		{F92C291A-4D01-43CD-BD9B-B2F6533BC382}.Ad-Hoc|ARM.Deploy.0 = Release|Any CPU
		{F92C291A-4D01-43CD-BD9B-B2F6533BC382}.Ad-Hoc|iPhone.ActiveCfg = Release|Any CPU
		{F92C291A-4D01-43CD-BD9B-B2F6533BC382}.Ad-Hoc|iPhone.Build.0 = Release|Any CPU
		{F92C291A-4D01-43CD-BD9B-B2F6533BC382}.Ad-Hoc|iPhone.Deploy.0 = Release|Any CPU
		{F92C291A-4D01-43CD-BD9B-B2F6533BC382}.Ad-Hoc|iPhoneSimulator.ActiveCfg = Release|Any CPU
		{F92C291A-4D01-43CD-BD9B-B2F6533BC382}.Ad-Hoc|iPhoneSimulator.Build.0 = Release|Any CPU
		{F92C291A-4D01-43CD-BD9B-B2F6533BC382}.Ad-Hoc|iPhoneSimulator.Deploy.0 = Release|Any CPU
		{F92C291A-4D01-43CD-BD9B-B2F6533BC382}.Ad-Hoc|x64.ActiveCfg = Release|Any CPU
		{F92C291A-4D01-43CD-BD9B-B2F6533BC382}.Ad-Hoc|x64.Build.0 = Release|Any CPU
		{F92C291A-4D01-43CD-BD9B-B2F6533BC382}.Ad-Hoc|x64.Deploy.0 = Release|Any CPU
		{F92C291A-4D01-43CD-BD9B-B2F6533BC382}.Ad-Hoc|x86.ActiveCfg = Release|Any CPU
		{F92C291A-4D01-43CD-BD9B-B2F6533BC382}.Ad-Hoc|x86.Build.0 = Release|Any CPU
		{F92C291A-4D01-43CD-BD9B-B2F6533BC382}.Ad-Hoc|x86.Deploy.0 = Release|Any CPU
		{F92C291A-4D01-43CD-BD9B-B2F6533BC382}.AppStore|Any CPU.ActiveCfg = Release|Any CPU
		{F92C291A-4D01-43CD-BD9B-B2F6533BC382}.AppStore|Any CPU.Build.0 = Release|Any CPU
		{F92C291A-4D01-43CD-BD9B-B2F6533BC382}.AppStore|Any CPU.Deploy.0 = Release|Any CPU
		{F92C291A-4D01-43CD-BD9B-B2F6533BC382}.AppStore|ARM.ActiveCfg = Release|Any CPU
		{F92C291A-4D01-43CD-BD9B-B2F6533BC382}.AppStore|ARM.Build.0 = Release|Any CPU
		{F92C291A-4D01-43CD-BD9B-B2F6533BC382}.AppStore|ARM.Deploy.0 = Release|Any CPU
		{F92C291A-4D01-43CD-BD9B-B2F6533BC382}.AppStore|iPhone.ActiveCfg = Release|Any CPU
		{F92C291A-4D01-43CD-BD9B-B2F6533BC382}.AppStore|iPhone.Build.0 = Release|Any CPU
		{F92C291A-4D01-43CD-BD9B-B2F6533BC382}.AppStore|iPhone.Deploy.0 = Release|Any CPU
		{F92C291A-4D01-43CD-BD9B-B2F6533BC382}.AppStore|iPhoneSimulator.ActiveCfg = Release|Any CPU
		{F92C291A-4D01-43CD-BD9B-B2F6533BC382}.AppStore|iPhoneSimulator.Build.0 = Release|Any CPU
		{F92C291A-4D01-43CD-BD9B-B2F6533BC382}.AppStore|iPhoneSimulator.Deploy.0 = Release|Any CPU
		{F92C291A-4D01-43CD-BD9B-B2F6533BC382}.AppStore|x64.ActiveCfg = Release|Any CPU
		{F92C291A-4D01-43CD-BD9B-B2F6533BC382}.AppStore|x64.Build.0 = Release|Any CPU
		{F92C291A-4D01-43CD-BD9B-B2F6533BC382}.AppStore|x64.Deploy.0 = Release|Any CPU
		{F92C291A-4D01-43CD-BD9B-B2F6533BC382}.AppStore|x86.ActiveCfg = Release|Any CPU
		{F92C291A-4D01-43CD-BD9B-B2F6533BC382}.AppStore|x86.Build.0 = Release|Any CPU
		{F92C291A-4D01-43CD-BD9B-B2F6533BC382}.AppStore|x86.Deploy.0 = Release|Any CPU
		{F92C291A-4D01-43CD-BD9B-B2F6533BC382}.Debug|Any CPU.ActiveCfg = Debug|Any CPU
		{F92C291A-4D01-43CD-BD9B-B2F6533BC382}.Debug|Any CPU.Build.0 = Debug|Any CPU
		{F92C291A-4D01-43CD-BD9B-B2F6533BC382}.Debug|Any CPU.Deploy.0 = Debug|Any CPU
		{F92C291A-4D01-43CD-BD9B-B2F6533BC382}.Debug|ARM.ActiveCfg = Debug|Any CPU
		{F92C291A-4D01-43CD-BD9B-B2F6533BC382}.Debug|ARM.Build.0 = Debug|Any CPU
		{F92C291A-4D01-43CD-BD9B-B2F6533BC382}.Debug|ARM.Deploy.0 = Debug|Any CPU
		{F92C291A-4D01-43CD-BD9B-B2F6533BC382}.Debug|iPhone.ActiveCfg = Debug|Any CPU
		{F92C291A-4D01-43CD-BD9B-B2F6533BC382}.Debug|iPhone.Build.0 = Debug|Any CPU
		{F92C291A-4D01-43CD-BD9B-B2F6533BC382}.Debug|iPhone.Deploy.0 = Debug|Any CPU
		{F92C291A-4D01-43CD-BD9B-B2F6533BC382}.Debug|iPhoneSimulator.ActiveCfg = Debug|Any CPU
		{F92C291A-4D01-43CD-BD9B-B2F6533BC382}.Debug|iPhoneSimulator.Build.0 = Debug|Any CPU
		{F92C291A-4D01-43CD-BD9B-B2F6533BC382}.Debug|iPhoneSimulator.Deploy.0 = Debug|Any CPU
		{F92C291A-4D01-43CD-BD9B-B2F6533BC382}.Debug|x64.ActiveCfg = Debug|Any CPU
		{F92C291A-4D01-43CD-BD9B-B2F6533BC382}.Debug|x64.Build.0 = Debug|Any CPU
		{F92C291A-4D01-43CD-BD9B-B2F6533BC382}.Debug|x64.Deploy.0 = Debug|Any CPU
		{F92C291A-4D01-43CD-BD9B-B2F6533BC382}.Debug|x86.ActiveCfg = Debug|Any CPU
		{F92C291A-4D01-43CD-BD9B-B2F6533BC382}.Debug|x86.Build.0 = Debug|Any CPU
		{F92C291A-4D01-43CD-BD9B-B2F6533BC382}.Debug|x86.Deploy.0 = Debug|Any CPU
		{F92C291A-4D01-43CD-BD9B-B2F6533BC382}.Release|Any CPU.ActiveCfg = Release|Any CPU
		{F92C291A-4D01-43CD-BD9B-B2F6533BC382}.Release|Any CPU.Build.0 = Release|Any CPU
		{F92C291A-4D01-43CD-BD9B-B2F6533BC382}.Release|Any CPU.Deploy.0 = Release|Any CPU
		{F92C291A-4D01-43CD-BD9B-B2F6533BC382}.Release|ARM.ActiveCfg = Release|Any CPU
		{F92C291A-4D01-43CD-BD9B-B2F6533BC382}.Release|ARM.Build.0 = Release|Any CPU
		{F92C291A-4D01-43CD-BD9B-B2F6533BC382}.Release|ARM.Deploy.0 = Release|Any CPU
		{F92C291A-4D01-43CD-BD9B-B2F6533BC382}.Release|iPhone.ActiveCfg = Release|Any CPU
		{F92C291A-4D01-43CD-BD9B-B2F6533BC382}.Release|iPhone.Build.0 = Release|Any CPU
		{F92C291A-4D01-43CD-BD9B-B2F6533BC382}.Release|iPhone.Deploy.0 = Release|Any CPU
		{F92C291A-4D01-43CD-BD9B-B2F6533BC382}.Release|iPhoneSimulator.ActiveCfg = Release|Any CPU
		{F92C291A-4D01-43CD-BD9B-B2F6533BC382}.Release|iPhoneSimulator.Build.0 = Release|Any CPU
		{F92C291A-4D01-43CD-BD9B-B2F6533BC382}.Release|iPhoneSimulator.Deploy.0 = Release|Any CPU
		{F92C291A-4D01-43CD-BD9B-B2F6533BC382}.Release|x64.ActiveCfg = Release|Any CPU
		{F92C291A-4D01-43CD-BD9B-B2F6533BC382}.Release|x64.Build.0 = Release|Any CPU
		{F92C291A-4D01-43CD-BD9B-B2F6533BC382}.Release|x64.Deploy.0 = Release|Any CPU
		{F92C291A-4D01-43CD-BD9B-B2F6533BC382}.Release|x86.ActiveCfg = Release|Any CPU
		{F92C291A-4D01-43CD-BD9B-B2F6533BC382}.Release|x86.Build.0 = Release|Any CPU
		{F92C291A-4D01-43CD-BD9B-B2F6533BC382}.Release|x86.Deploy.0 = Release|Any CPU
		{F77D40E9-92C4-4B83-8C16-D54482EDF4C0}.Ad-Hoc|Any CPU.ActiveCfg = Ad-Hoc|iPhone
		{F77D40E9-92C4-4B83-8C16-D54482EDF4C0}.Ad-Hoc|Any CPU.Build.0 = Ad-Hoc|iPhone
		{F77D40E9-92C4-4B83-8C16-D54482EDF4C0}.Ad-Hoc|Any CPU.Deploy.0 = Ad-Hoc|iPhone
		{F77D40E9-92C4-4B83-8C16-D54482EDF4C0}.Ad-Hoc|ARM.ActiveCfg = Ad-Hoc|iPhone
		{F77D40E9-92C4-4B83-8C16-D54482EDF4C0}.Ad-Hoc|ARM.Build.0 = Ad-Hoc|iPhone
		{F77D40E9-92C4-4B83-8C16-D54482EDF4C0}.Ad-Hoc|ARM.Deploy.0 = Ad-Hoc|iPhone
		{F77D40E9-92C4-4B83-8C16-D54482EDF4C0}.Ad-Hoc|iPhone.ActiveCfg = Ad-Hoc|iPhone
		{F77D40E9-92C4-4B83-8C16-D54482EDF4C0}.Ad-Hoc|iPhone.Build.0 = Ad-Hoc|iPhone
		{F77D40E9-92C4-4B83-8C16-D54482EDF4C0}.Ad-Hoc|iPhone.Deploy.0 = Ad-Hoc|iPhone
		{F77D40E9-92C4-4B83-8C16-D54482EDF4C0}.Ad-Hoc|iPhoneSimulator.ActiveCfg = Ad-Hoc|iPhoneSimulator
		{F77D40E9-92C4-4B83-8C16-D54482EDF4C0}.Ad-Hoc|iPhoneSimulator.Build.0 = Ad-Hoc|iPhoneSimulator
		{F77D40E9-92C4-4B83-8C16-D54482EDF4C0}.Ad-Hoc|iPhoneSimulator.Deploy.0 = Ad-Hoc|iPhoneSimulator
		{F77D40E9-92C4-4B83-8C16-D54482EDF4C0}.Ad-Hoc|x64.ActiveCfg = Ad-Hoc|iPhone
		{F77D40E9-92C4-4B83-8C16-D54482EDF4C0}.Ad-Hoc|x64.Build.0 = Ad-Hoc|iPhone
		{F77D40E9-92C4-4B83-8C16-D54482EDF4C0}.Ad-Hoc|x64.Deploy.0 = Ad-Hoc|iPhone
		{F77D40E9-92C4-4B83-8C16-D54482EDF4C0}.Ad-Hoc|x86.ActiveCfg = Ad-Hoc|iPhone
		{F77D40E9-92C4-4B83-8C16-D54482EDF4C0}.Ad-Hoc|x86.Build.0 = Ad-Hoc|iPhone
		{F77D40E9-92C4-4B83-8C16-D54482EDF4C0}.Ad-Hoc|x86.Deploy.0 = Ad-Hoc|iPhone
		{F77D40E9-92C4-4B83-8C16-D54482EDF4C0}.AppStore|Any CPU.ActiveCfg = AppStore|iPhone
		{F77D40E9-92C4-4B83-8C16-D54482EDF4C0}.AppStore|Any CPU.Build.0 = AppStore|iPhone
		{F77D40E9-92C4-4B83-8C16-D54482EDF4C0}.AppStore|Any CPU.Deploy.0 = AppStore|iPhone
		{F77D40E9-92C4-4B83-8C16-D54482EDF4C0}.AppStore|ARM.ActiveCfg = AppStore|iPhone
		{F77D40E9-92C4-4B83-8C16-D54482EDF4C0}.AppStore|ARM.Build.0 = AppStore|iPhone
		{F77D40E9-92C4-4B83-8C16-D54482EDF4C0}.AppStore|ARM.Deploy.0 = AppStore|iPhone
		{F77D40E9-92C4-4B83-8C16-D54482EDF4C0}.AppStore|iPhone.ActiveCfg = AppStore|iPhone
		{F77D40E9-92C4-4B83-8C16-D54482EDF4C0}.AppStore|iPhone.Build.0 = AppStore|iPhone
		{F77D40E9-92C4-4B83-8C16-D54482EDF4C0}.AppStore|iPhone.Deploy.0 = AppStore|iPhone
		{F77D40E9-92C4-4B83-8C16-D54482EDF4C0}.AppStore|iPhoneSimulator.ActiveCfg = AppStore|iPhoneSimulator
		{F77D40E9-92C4-4B83-8C16-D54482EDF4C0}.AppStore|iPhoneSimulator.Build.0 = AppStore|iPhoneSimulator
		{F77D40E9-92C4-4B83-8C16-D54482EDF4C0}.AppStore|iPhoneSimulator.Deploy.0 = AppStore|iPhoneSimulator
		{F77D40E9-92C4-4B83-8C16-D54482EDF4C0}.AppStore|x64.ActiveCfg = AppStore|iPhone
		{F77D40E9-92C4-4B83-8C16-D54482EDF4C0}.AppStore|x64.Build.0 = AppStore|iPhone
		{F77D40E9-92C4-4B83-8C16-D54482EDF4C0}.AppStore|x64.Deploy.0 = AppStore|iPhone
		{F77D40E9-92C4-4B83-8C16-D54482EDF4C0}.AppStore|x86.ActiveCfg = AppStore|iPhone
		{F77D40E9-92C4-4B83-8C16-D54482EDF4C0}.AppStore|x86.Build.0 = AppStore|iPhone
		{F77D40E9-92C4-4B83-8C16-D54482EDF4C0}.AppStore|x86.Deploy.0 = AppStore|iPhone
		{F77D40E9-92C4-4B83-8C16-D54482EDF4C0}.Debug|Any CPU.ActiveCfg = Debug|iPhoneSimulator
		{F77D40E9-92C4-4B83-8C16-D54482EDF4C0}.Debug|Any CPU.Build.0 = Debug|iPhoneSimulator
		{F77D40E9-92C4-4B83-8C16-D54482EDF4C0}.Debug|Any CPU.Deploy.0 = Debug|iPhoneSimulator
		{F77D40E9-92C4-4B83-8C16-D54482EDF4C0}.Debug|ARM.ActiveCfg = Debug|iPhone
		{F77D40E9-92C4-4B83-8C16-D54482EDF4C0}.Debug|ARM.Build.0 = Debug|iPhone
		{F77D40E9-92C4-4B83-8C16-D54482EDF4C0}.Debug|ARM.Deploy.0 = Debug|iPhone
		{F77D40E9-92C4-4B83-8C16-D54482EDF4C0}.Debug|iPhone.ActiveCfg = Debug|iPhone
		{F77D40E9-92C4-4B83-8C16-D54482EDF4C0}.Debug|iPhone.Build.0 = Debug|iPhone
		{F77D40E9-92C4-4B83-8C16-D54482EDF4C0}.Debug|iPhone.Deploy.0 = Debug|iPhone
		{F77D40E9-92C4-4B83-8C16-D54482EDF4C0}.Debug|iPhoneSimulator.ActiveCfg = Debug|iPhoneSimulator
		{F77D40E9-92C4-4B83-8C16-D54482EDF4C0}.Debug|iPhoneSimulator.Build.0 = Debug|iPhoneSimulator
		{F77D40E9-92C4-4B83-8C16-D54482EDF4C0}.Debug|iPhoneSimulator.Deploy.0 = Debug|iPhoneSimulator
		{F77D40E9-92C4-4B83-8C16-D54482EDF4C0}.Debug|x64.ActiveCfg = Debug|iPhone
		{F77D40E9-92C4-4B83-8C16-D54482EDF4C0}.Debug|x64.Build.0 = Debug|iPhone
		{F77D40E9-92C4-4B83-8C16-D54482EDF4C0}.Debug|x64.Deploy.0 = Debug|iPhone
		{F77D40E9-92C4-4B83-8C16-D54482EDF4C0}.Debug|x86.ActiveCfg = Debug|iPhone
		{F77D40E9-92C4-4B83-8C16-D54482EDF4C0}.Debug|x86.Build.0 = Debug|iPhone
		{F77D40E9-92C4-4B83-8C16-D54482EDF4C0}.Debug|x86.Deploy.0 = Debug|iPhone
		{F77D40E9-92C4-4B83-8C16-D54482EDF4C0}.Release|Any CPU.ActiveCfg = Release|iPhone
		{F77D40E9-92C4-4B83-8C16-D54482EDF4C0}.Release|Any CPU.Build.0 = Release|iPhone
		{F77D40E9-92C4-4B83-8C16-D54482EDF4C0}.Release|Any CPU.Deploy.0 = Release|iPhone
		{F77D40E9-92C4-4B83-8C16-D54482EDF4C0}.Release|ARM.ActiveCfg = Release|iPhone
		{F77D40E9-92C4-4B83-8C16-D54482EDF4C0}.Release|ARM.Build.0 = Release|iPhone
		{F77D40E9-92C4-4B83-8C16-D54482EDF4C0}.Release|ARM.Deploy.0 = Release|iPhone
		{F77D40E9-92C4-4B83-8C16-D54482EDF4C0}.Release|iPhone.ActiveCfg = Release|iPhone
		{F77D40E9-92C4-4B83-8C16-D54482EDF4C0}.Release|iPhone.Build.0 = Release|iPhone
		{F77D40E9-92C4-4B83-8C16-D54482EDF4C0}.Release|iPhone.Deploy.0 = Release|iPhone
		{F77D40E9-92C4-4B83-8C16-D54482EDF4C0}.Release|iPhoneSimulator.ActiveCfg = Release|iPhoneSimulator
		{F77D40E9-92C4-4B83-8C16-D54482EDF4C0}.Release|iPhoneSimulator.Build.0 = Release|iPhoneSimulator
		{F77D40E9-92C4-4B83-8C16-D54482EDF4C0}.Release|iPhoneSimulator.Deploy.0 = Release|iPhoneSimulator
		{F77D40E9-92C4-4B83-8C16-D54482EDF4C0}.Release|x64.ActiveCfg = Release|iPhone
		{F77D40E9-92C4-4B83-8C16-D54482EDF4C0}.Release|x64.Build.0 = Release|iPhone
		{F77D40E9-92C4-4B83-8C16-D54482EDF4C0}.Release|x64.Deploy.0 = Release|iPhone
		{F77D40E9-92C4-4B83-8C16-D54482EDF4C0}.Release|x86.ActiveCfg = Release|iPhone
		{F77D40E9-92C4-4B83-8C16-D54482EDF4C0}.Release|x86.Build.0 = Release|iPhone
		{F77D40E9-92C4-4B83-8C16-D54482EDF4C0}.Release|x86.Deploy.0 = Release|iPhone
		{E5EDA42D-1B44-4095-82D9-0FCFD905FDEA}.Ad-Hoc|Any CPU.ActiveCfg = Release|x86
		{E5EDA42D-1B44-4095-82D9-0FCFD905FDEA}.Ad-Hoc|Any CPU.Build.0 = Release|x86
		{E5EDA42D-1B44-4095-82D9-0FCFD905FDEA}.Ad-Hoc|Any CPU.Deploy.0 = Release|x86
		{E5EDA42D-1B44-4095-82D9-0FCFD905FDEA}.Ad-Hoc|ARM.ActiveCfg = Release|ARM
		{E5EDA42D-1B44-4095-82D9-0FCFD905FDEA}.Ad-Hoc|ARM.Build.0 = Release|ARM
		{E5EDA42D-1B44-4095-82D9-0FCFD905FDEA}.Ad-Hoc|ARM.Deploy.0 = Release|ARM
		{E5EDA42D-1B44-4095-82D9-0FCFD905FDEA}.Ad-Hoc|iPhone.ActiveCfg = Release|x86
		{E5EDA42D-1B44-4095-82D9-0FCFD905FDEA}.Ad-Hoc|iPhone.Build.0 = Release|x86
		{E5EDA42D-1B44-4095-82D9-0FCFD905FDEA}.Ad-Hoc|iPhone.Deploy.0 = Release|x86
		{E5EDA42D-1B44-4095-82D9-0FCFD905FDEA}.Ad-Hoc|iPhoneSimulator.ActiveCfg = Release|x86
		{E5EDA42D-1B44-4095-82D9-0FCFD905FDEA}.Ad-Hoc|iPhoneSimulator.Build.0 = Release|x86
		{E5EDA42D-1B44-4095-82D9-0FCFD905FDEA}.Ad-Hoc|iPhoneSimulator.Deploy.0 = Release|x86
		{E5EDA42D-1B44-4095-82D9-0FCFD905FDEA}.Ad-Hoc|x64.ActiveCfg = Release|x64
		{E5EDA42D-1B44-4095-82D9-0FCFD905FDEA}.Ad-Hoc|x64.Build.0 = Release|x64
		{E5EDA42D-1B44-4095-82D9-0FCFD905FDEA}.Ad-Hoc|x64.Deploy.0 = Release|x64
		{E5EDA42D-1B44-4095-82D9-0FCFD905FDEA}.Ad-Hoc|x86.ActiveCfg = Release|x86
		{E5EDA42D-1B44-4095-82D9-0FCFD905FDEA}.Ad-Hoc|x86.Build.0 = Release|x86
		{E5EDA42D-1B44-4095-82D9-0FCFD905FDEA}.Ad-Hoc|x86.Deploy.0 = Release|x86
		{E5EDA42D-1B44-4095-82D9-0FCFD905FDEA}.AppStore|Any CPU.ActiveCfg = Release|x86
		{E5EDA42D-1B44-4095-82D9-0FCFD905FDEA}.AppStore|Any CPU.Build.0 = Release|x86
		{E5EDA42D-1B44-4095-82D9-0FCFD905FDEA}.AppStore|Any CPU.Deploy.0 = Release|x86
		{E5EDA42D-1B44-4095-82D9-0FCFD905FDEA}.AppStore|ARM.ActiveCfg = Release|ARM
		{E5EDA42D-1B44-4095-82D9-0FCFD905FDEA}.AppStore|ARM.Build.0 = Release|ARM
		{E5EDA42D-1B44-4095-82D9-0FCFD905FDEA}.AppStore|ARM.Deploy.0 = Release|ARM
		{E5EDA42D-1B44-4095-82D9-0FCFD905FDEA}.AppStore|iPhone.ActiveCfg = Release|x86
		{E5EDA42D-1B44-4095-82D9-0FCFD905FDEA}.AppStore|iPhone.Build.0 = Release|x86
		{E5EDA42D-1B44-4095-82D9-0FCFD905FDEA}.AppStore|iPhone.Deploy.0 = Release|x86
		{E5EDA42D-1B44-4095-82D9-0FCFD905FDEA}.AppStore|iPhoneSimulator.ActiveCfg = Release|x86
		{E5EDA42D-1B44-4095-82D9-0FCFD905FDEA}.AppStore|iPhoneSimulator.Build.0 = Release|x86
		{E5EDA42D-1B44-4095-82D9-0FCFD905FDEA}.AppStore|iPhoneSimulator.Deploy.0 = Release|x86
		{E5EDA42D-1B44-4095-82D9-0FCFD905FDEA}.AppStore|x64.ActiveCfg = Release|x64
		{E5EDA42D-1B44-4095-82D9-0FCFD905FDEA}.AppStore|x64.Build.0 = Release|x64
		{E5EDA42D-1B44-4095-82D9-0FCFD905FDEA}.AppStore|x64.Deploy.0 = Release|x64
		{E5EDA42D-1B44-4095-82D9-0FCFD905FDEA}.AppStore|x86.ActiveCfg = Release|x86
		{E5EDA42D-1B44-4095-82D9-0FCFD905FDEA}.AppStore|x86.Build.0 = Release|x86
		{E5EDA42D-1B44-4095-82D9-0FCFD905FDEA}.AppStore|x86.Deploy.0 = Release|x86
		{E5EDA42D-1B44-4095-82D9-0FCFD905FDEA}.Debug|Any CPU.ActiveCfg = Debug|x86
		{E5EDA42D-1B44-4095-82D9-0FCFD905FDEA}.Debug|Any CPU.Build.0 = Debug|x86
		{E5EDA42D-1B44-4095-82D9-0FCFD905FDEA}.Debug|Any CPU.Deploy.0 = Debug|x86
		{E5EDA42D-1B44-4095-82D9-0FCFD905FDEA}.Debug|ARM.ActiveCfg = Debug|ARM
		{E5EDA42D-1B44-4095-82D9-0FCFD905FDEA}.Debug|ARM.Build.0 = Debug|ARM
		{E5EDA42D-1B44-4095-82D9-0FCFD905FDEA}.Debug|ARM.Deploy.0 = Debug|ARM
		{E5EDA42D-1B44-4095-82D9-0FCFD905FDEA}.Debug|iPhone.ActiveCfg = Debug|x86
		{E5EDA42D-1B44-4095-82D9-0FCFD905FDEA}.Debug|iPhone.Build.0 = Debug|x86
		{E5EDA42D-1B44-4095-82D9-0FCFD905FDEA}.Debug|iPhone.Deploy.0 = Debug|x86
		{E5EDA42D-1B44-4095-82D9-0FCFD905FDEA}.Debug|iPhoneSimulator.ActiveCfg = Debug|x86
		{E5EDA42D-1B44-4095-82D9-0FCFD905FDEA}.Debug|iPhoneSimulator.Build.0 = Debug|x86
		{E5EDA42D-1B44-4095-82D9-0FCFD905FDEA}.Debug|iPhoneSimulator.Deploy.0 = Debug|x86
		{E5EDA42D-1B44-4095-82D9-0FCFD905FDEA}.Debug|x64.ActiveCfg = Debug|x64
		{E5EDA42D-1B44-4095-82D9-0FCFD905FDEA}.Debug|x64.Build.0 = Debug|x64
		{E5EDA42D-1B44-4095-82D9-0FCFD905FDEA}.Debug|x64.Deploy.0 = Debug|x64
		{E5EDA42D-1B44-4095-82D9-0FCFD905FDEA}.Debug|x86.ActiveCfg = Debug|x86
		{E5EDA42D-1B44-4095-82D9-0FCFD905FDEA}.Debug|x86.Build.0 = Debug|x86
		{E5EDA42D-1B44-4095-82D9-0FCFD905FDEA}.Debug|x86.Deploy.0 = Debug|x86
		{E5EDA42D-1B44-4095-82D9-0FCFD905FDEA}.Release|Any CPU.ActiveCfg = Release|x86
		{E5EDA42D-1B44-4095-82D9-0FCFD905FDEA}.Release|Any CPU.Build.0 = Release|x86
		{E5EDA42D-1B44-4095-82D9-0FCFD905FDEA}.Release|Any CPU.Deploy.0 = Release|x86
		{E5EDA42D-1B44-4095-82D9-0FCFD905FDEA}.Release|ARM.ActiveCfg = Release|ARM
		{E5EDA42D-1B44-4095-82D9-0FCFD905FDEA}.Release|ARM.Build.0 = Release|ARM
		{E5EDA42D-1B44-4095-82D9-0FCFD905FDEA}.Release|ARM.Deploy.0 = Release|ARM
		{E5EDA42D-1B44-4095-82D9-0FCFD905FDEA}.Release|iPhone.ActiveCfg = Release|x86
		{E5EDA42D-1B44-4095-82D9-0FCFD905FDEA}.Release|iPhone.Build.0 = Release|x86
		{E5EDA42D-1B44-4095-82D9-0FCFD905FDEA}.Release|iPhone.Deploy.0 = Release|x86
		{E5EDA42D-1B44-4095-82D9-0FCFD905FDEA}.Release|iPhoneSimulator.ActiveCfg = Release|x86
		{E5EDA42D-1B44-4095-82D9-0FCFD905FDEA}.Release|iPhoneSimulator.Build.0 = Release|x86
		{E5EDA42D-1B44-4095-82D9-0FCFD905FDEA}.Release|iPhoneSimulator.Deploy.0 = Release|x86
		{E5EDA42D-1B44-4095-82D9-0FCFD905FDEA}.Release|x64.ActiveCfg = Release|x64
		{E5EDA42D-1B44-4095-82D9-0FCFD905FDEA}.Release|x64.Build.0 = Release|x64
		{E5EDA42D-1B44-4095-82D9-0FCFD905FDEA}.Release|x64.Deploy.0 = Release|x64
		{E5EDA42D-1B44-4095-82D9-0FCFD905FDEA}.Release|x86.ActiveCfg = Release|x86
		{E5EDA42D-1B44-4095-82D9-0FCFD905FDEA}.Release|x86.Build.0 = Release|x86
		{E5EDA42D-1B44-4095-82D9-0FCFD905FDEA}.Release|x86.Deploy.0 = Release|x86
		{C556CBF2-941B-4922-A821-4833C635FBE7}.Ad-Hoc|Any CPU.ActiveCfg = Debug|Any CPU
		{C556CBF2-941B-4922-A821-4833C635FBE7}.Ad-Hoc|Any CPU.Build.0 = Debug|Any CPU
		{C556CBF2-941B-4922-A821-4833C635FBE7}.Ad-Hoc|Any CPU.Deploy.0 = Debug|Any CPU
		{C556CBF2-941B-4922-A821-4833C635FBE7}.Ad-Hoc|ARM.ActiveCfg = Debug|Any CPU
		{C556CBF2-941B-4922-A821-4833C635FBE7}.Ad-Hoc|ARM.Build.0 = Debug|Any CPU
		{C556CBF2-941B-4922-A821-4833C635FBE7}.Ad-Hoc|ARM.Deploy.0 = Debug|Any CPU
		{C556CBF2-941B-4922-A821-4833C635FBE7}.Ad-Hoc|iPhone.ActiveCfg = Debug|Any CPU
		{C556CBF2-941B-4922-A821-4833C635FBE7}.Ad-Hoc|iPhone.Build.0 = Debug|Any CPU
		{C556CBF2-941B-4922-A821-4833C635FBE7}.Ad-Hoc|iPhone.Deploy.0 = Debug|Any CPU
		{C556CBF2-941B-4922-A821-4833C635FBE7}.Ad-Hoc|iPhoneSimulator.ActiveCfg = Debug|Any CPU
		{C556CBF2-941B-4922-A821-4833C635FBE7}.Ad-Hoc|iPhoneSimulator.Build.0 = Debug|Any CPU
		{C556CBF2-941B-4922-A821-4833C635FBE7}.Ad-Hoc|iPhoneSimulator.Deploy.0 = Debug|Any CPU
		{C556CBF2-941B-4922-A821-4833C635FBE7}.Ad-Hoc|x64.ActiveCfg = Debug|Any CPU
		{C556CBF2-941B-4922-A821-4833C635FBE7}.Ad-Hoc|x64.Build.0 = Debug|Any CPU
		{C556CBF2-941B-4922-A821-4833C635FBE7}.Ad-Hoc|x64.Deploy.0 = Debug|Any CPU
		{C556CBF2-941B-4922-A821-4833C635FBE7}.Ad-Hoc|x86.ActiveCfg = Debug|Any CPU
		{C556CBF2-941B-4922-A821-4833C635FBE7}.Ad-Hoc|x86.Build.0 = Debug|Any CPU
		{C556CBF2-941B-4922-A821-4833C635FBE7}.Ad-Hoc|x86.Deploy.0 = Debug|Any CPU
		{C556CBF2-941B-4922-A821-4833C635FBE7}.AppStore|Any CPU.ActiveCfg = Debug|Any CPU
		{C556CBF2-941B-4922-A821-4833C635FBE7}.AppStore|Any CPU.Build.0 = Debug|Any CPU
		{C556CBF2-941B-4922-A821-4833C635FBE7}.AppStore|Any CPU.Deploy.0 = Debug|Any CPU
		{C556CBF2-941B-4922-A821-4833C635FBE7}.AppStore|ARM.ActiveCfg = Debug|Any CPU
		{C556CBF2-941B-4922-A821-4833C635FBE7}.AppStore|ARM.Build.0 = Debug|Any CPU
		{C556CBF2-941B-4922-A821-4833C635FBE7}.AppStore|ARM.Deploy.0 = Debug|Any CPU
		{C556CBF2-941B-4922-A821-4833C635FBE7}.AppStore|iPhone.ActiveCfg = Debug|Any CPU
		{C556CBF2-941B-4922-A821-4833C635FBE7}.AppStore|iPhone.Build.0 = Debug|Any CPU
		{C556CBF2-941B-4922-A821-4833C635FBE7}.AppStore|iPhone.Deploy.0 = Debug|Any CPU
		{C556CBF2-941B-4922-A821-4833C635FBE7}.AppStore|iPhoneSimulator.ActiveCfg = Debug|Any CPU
		{C556CBF2-941B-4922-A821-4833C635FBE7}.AppStore|iPhoneSimulator.Build.0 = Debug|Any CPU
		{C556CBF2-941B-4922-A821-4833C635FBE7}.AppStore|iPhoneSimulator.Deploy.0 = Debug|Any CPU
		{C556CBF2-941B-4922-A821-4833C635FBE7}.AppStore|x64.ActiveCfg = Debug|Any CPU
		{C556CBF2-941B-4922-A821-4833C635FBE7}.AppStore|x64.Build.0 = Debug|Any CPU
		{C556CBF2-941B-4922-A821-4833C635FBE7}.AppStore|x64.Deploy.0 = Debug|Any CPU
		{C556CBF2-941B-4922-A821-4833C635FBE7}.AppStore|x86.ActiveCfg = Debug|Any CPU
		{C556CBF2-941B-4922-A821-4833C635FBE7}.AppStore|x86.Build.0 = Debug|Any CPU
		{C556CBF2-941B-4922-A821-4833C635FBE7}.AppStore|x86.Deploy.0 = Debug|Any CPU
		{C556CBF2-941B-4922-A821-4833C635FBE7}.Debug|Any CPU.ActiveCfg = Debug|Any CPU
		{C556CBF2-941B-4922-A821-4833C635FBE7}.Debug|Any CPU.Build.0 = Debug|Any CPU
		{C556CBF2-941B-4922-A821-4833C635FBE7}.Debug|Any CPU.Deploy.0 = Debug|Any CPU
		{C556CBF2-941B-4922-A821-4833C635FBE7}.Debug|ARM.ActiveCfg = Debug|Any CPU
		{C556CBF2-941B-4922-A821-4833C635FBE7}.Debug|ARM.Build.0 = Debug|Any CPU
		{C556CBF2-941B-4922-A821-4833C635FBE7}.Debug|ARM.Deploy.0 = Debug|Any CPU
		{C556CBF2-941B-4922-A821-4833C635FBE7}.Debug|iPhone.ActiveCfg = Debug|Any CPU
		{C556CBF2-941B-4922-A821-4833C635FBE7}.Debug|iPhone.Build.0 = Debug|Any CPU
		{C556CBF2-941B-4922-A821-4833C635FBE7}.Debug|iPhone.Deploy.0 = Debug|Any CPU
		{C556CBF2-941B-4922-A821-4833C635FBE7}.Debug|iPhoneSimulator.ActiveCfg = Debug|Any CPU
		{C556CBF2-941B-4922-A821-4833C635FBE7}.Debug|iPhoneSimulator.Build.0 = Debug|Any CPU
		{C556CBF2-941B-4922-A821-4833C635FBE7}.Debug|iPhoneSimulator.Deploy.0 = Debug|Any CPU
		{C556CBF2-941B-4922-A821-4833C635FBE7}.Debug|x64.ActiveCfg = Debug|Any CPU
		{C556CBF2-941B-4922-A821-4833C635FBE7}.Debug|x64.Build.0 = Debug|Any CPU
		{C556CBF2-941B-4922-A821-4833C635FBE7}.Debug|x64.Deploy.0 = Debug|Any CPU
		{C556CBF2-941B-4922-A821-4833C635FBE7}.Debug|x86.ActiveCfg = Debug|Any CPU
		{C556CBF2-941B-4922-A821-4833C635FBE7}.Debug|x86.Build.0 = Debug|Any CPU
		{C556CBF2-941B-4922-A821-4833C635FBE7}.Debug|x86.Deploy.0 = Debug|Any CPU
		{C556CBF2-941B-4922-A821-4833C635FBE7}.Release|Any CPU.ActiveCfg = Release|Any CPU
		{C556CBF2-941B-4922-A821-4833C635FBE7}.Release|Any CPU.Build.0 = Release|Any CPU
		{C556CBF2-941B-4922-A821-4833C635FBE7}.Release|Any CPU.Deploy.0 = Release|Any CPU
		{C556CBF2-941B-4922-A821-4833C635FBE7}.Release|ARM.ActiveCfg = Release|Any CPU
		{C556CBF2-941B-4922-A821-4833C635FBE7}.Release|ARM.Build.0 = Release|Any CPU
		{C556CBF2-941B-4922-A821-4833C635FBE7}.Release|ARM.Deploy.0 = Release|Any CPU
		{C556CBF2-941B-4922-A821-4833C635FBE7}.Release|iPhone.ActiveCfg = Release|Any CPU
		{C556CBF2-941B-4922-A821-4833C635FBE7}.Release|iPhone.Build.0 = Release|Any CPU
		{C556CBF2-941B-4922-A821-4833C635FBE7}.Release|iPhone.Deploy.0 = Release|Any CPU
		{C556CBF2-941B-4922-A821-4833C635FBE7}.Release|iPhoneSimulator.ActiveCfg = Release|Any CPU
		{C556CBF2-941B-4922-A821-4833C635FBE7}.Release|iPhoneSimulator.Build.0 = Release|Any CPU
		{C556CBF2-941B-4922-A821-4833C635FBE7}.Release|iPhoneSimulator.Deploy.0 = Release|Any CPU
		{C556CBF2-941B-4922-A821-4833C635FBE7}.Release|x64.ActiveCfg = Release|Any CPU
		{C556CBF2-941B-4922-A821-4833C635FBE7}.Release|x64.Build.0 = Release|Any CPU
		{C556CBF2-941B-4922-A821-4833C635FBE7}.Release|x64.Deploy.0 = Release|Any CPU
		{C556CBF2-941B-4922-A821-4833C635FBE7}.Release|x86.ActiveCfg = Release|Any CPU
		{C556CBF2-941B-4922-A821-4833C635FBE7}.Release|x86.Build.0 = Release|Any CPU
		{C556CBF2-941B-4922-A821-4833C635FBE7}.Release|x86.Deploy.0 = Release|Any CPU
	EndGlobalSection
	GlobalSection(SolutionProperties) = preSolution
		HideSolutionNode = FALSE
	EndGlobalSection
	GlobalSection(ExtensibilityGlobals) = postSolution
		SolutionGuid = {02BF8372-36C7-4469-A454-AD9E9D5D76E7}
	EndGlobalSection
EndGlobal
